
Microsoft Visual Studio Solution File, Format Version 12.00
# Visual Studio Version 17
VisualStudioVersion = 17.1.32414.318
MinimumVisualStudioVersion = 10.0.40219.1
Project("{FAE04EC0-301F-11D3-BF4B-00C04F79EFBC}") = "Assistant", "Assistant.csproj", "{1A211D6E-4CC8-4A10-9562-DA891544842D}"
EndProject
Global
	GlobalSection(SolutionConfigurationPlatforms) = preSolution
		Debug|Any CPU = Debug|Any CPU
		Release|Any CPU = Release|Any CPU
	EndGlobalSection
	GlobalSection(ProjectConfigurationPlatforms) = postSolution
		{1A211D6E-4CC8-4A10-9562-DA891544842D}.Debug|Any CPU.ActiveCfg = Debug|Any CPU
		{1A211D6E-4CC8-4A10-9562-DA891544842D}.Debug|Any CPU.Build.0 = Debug|Any CPU
		{1A211D6E-4CC8-4A10-9562-DA891544842D}.Release|Any CPU.ActiveCfg = Release|Any CPU
		{1A211D6E-4CC8-4A10-9562-DA891544842D}.Release|Any CPU.Build.0 = Release|Any CPU
	EndGlobalSection
	GlobalSection(SolutionProperties) = preSolution
		HideSolutionNode = FALSE
	EndGlobalSection
	GlobalSection(ExtensibilityGlobals) = postSolution
		SolutionGuid = {5C7580A1-F905-4DD4-B11C-1A54C6371A85}
	EndGlobalSection
EndGlobal
